
Microsoft Visual Studio Solution File, Format Version 12.00
# Visual Studio Version 17
VisualStudioVersion = 17.5.33530.505
MinimumVisualStudioVersion = 10.0.40219.1
Project("{FAE04EC0-301F-11D3-BF4B-00C04F79EFBC}") = "CampusHub.Shared", "CampusHub.Shared\CampusHub.Shared.csproj", "{B1B5EAA7-CDAA-4CC8-9ACB-E4D047654613}"
EndProject
Project("{FAE04EC0-301F-11D3-BF4B-00C04F79EFBC}") = "CampusHub.API", "CampusHub.API\CampusHub.API.csproj", "{F3FFD3CA-ED14-497E-A2BB-C8A1C1E81E69}"
EndProject
Project("{FAE04EC0-301F-11D3-BF4B-00C04F79EFBC}") = "CampusHub.WEB", "CampusHub.WEB\CampusHub.WEB.csproj", "{1207D244-83EC-41B3-BC6F-328B1F5DD151}"
EndProject
Global
	GlobalSection(SolutionConfigurationPlatforms) = preSolution
		Debug|Any CPU = Debug|Any CPU
		Release|Any CPU = Release|Any CPU
	EndGlobalSection
	GlobalSection(ProjectConfigurationPlatforms) = postSolution
		{B1B5EAA7-CDAA-4CC8-9ACB-E4D047654613}.Debug|Any CPU.ActiveCfg = Debug|Any CPU
		{B1B5EAA7-CDAA-4CC8-9ACB-E4D047654613}.Debug|Any CPU.Build.0 = Debug|Any CPU
		{B1B5EAA7-CDAA-4CC8-9ACB-E4D047654613}.Release|Any CPU.ActiveCfg = Release|Any CPU
		{B1B5EAA7-CDAA-4CC8-9ACB-E4D047654613}.Release|Any CPU.Build.0 = Release|Any CPU
		{F3FFD3CA-ED14-497E-A2BB-C8A1C1E81E69}.Debug|Any CPU.ActiveCfg = Debug|Any CPU
		{F3FFD3CA-ED14-497E-A2BB-C8A1C1E81E69}.Debug|Any CPU.Build.0 = Debug|Any CPU
		{F3FFD3CA-ED14-497E-A2BB-C8A1C1E81E69}.Release|Any CPU.ActiveCfg = Release|Any CPU
		{F3FFD3CA-ED14-497E-A2BB-C8A1C1E81E69}.Release|Any CPU.Build.0 = Release|Any CPU
		{1207D244-83EC-41B3-BC6F-328B1F5DD151}.Debug|Any CPU.ActiveCfg = Debug|Any CPU
		{1207D244-83EC-41B3-BC6F-328B1F5DD151}.Debug|Any CPU.Build.0 = Debug|Any CPU
		{1207D244-83EC-41B3-BC6F-328B1F5DD151}.Release|Any CPU.ActiveCfg = Release|Any CPU
		{1207D244-83EC-41B3-BC6F-328B1F5DD151}.Release|Any CPU.Build.0 = Release|Any CPU
	EndGlobalSection
	GlobalSection(SolutionProperties) = preSolution
		HideSolutionNode = FALSE
	EndGlobalSection
	GlobalSection(ExtensibilityGlobals) = postSolution
		SolutionGuid = {34FDF01A-3110-4618-B5C9-7F9A25FB0255}
	EndGlobalSection
EndGlobal
